<Solution>
  <Folder Name="/orchestrator/">
    <Project Path="orchestrator/StadiaPass.AppHost/StadiaPass.AppHost.csproj" />
    <Project Path="orchestrator/StadiaPass.ServiceDefaults/StadiaPass.ServiceDefaults.csproj" />
  </Folder>
  <Folder Name="/src/" />
  <Folder Name="/src/Core/">
    <Project Path="src/Core/StadiaPass.Application/StadiaPass.Application.csproj" />
    <Project Path="src/Core/StadiaPass.Domain/StadiaPass.Domain.csproj" />
  </Folder>
  <Folder Name="/src/Infrastructure/">
    <Project Path="src/Infrastructure/StadiaPass.Infrastructure/StadiaPass.Infrastructure.csproj" />
    <Project Path="src/Infrastructure/StadiaPass.Persistence/StadiaPass.Persistence.csproj" />
  </Folder>
  <Folder Name="/src/Presentation/">
    <Project Path="src/Presentation/StadiaPass.WebAPI/StadiaPass.WebAPI.csproj" />
    <Project Path="src/Presentation/StadiaPass.WebMVC/StadiaPass.WebMVC.csproj" />
  </Folder>
  <Folder Name="/src/Shared/">
    <Project Path="src/Shared/StadiaPass.SharedKernel/StadiaPass.SharedKernel.csproj" />
  </Folder>
</Solution>
